
Microsoft Visual Studio Solution File, Format Version 12.00
# Visual Studio Version 17
VisualStudioVersion = 17.3.32825.248
MinimumVisualStudioVersion = 10.0.40219.1
Project("{9A19103F-16F7-4668-BE54-9A1E7A4F7556}") = "MyDodos.API", "MyDodosAPI\MyDodos.API\MyDodos.API.csproj", "{A1DAB60D-3367-4888-9F16-64EC32BC576B}"
EndProject
Project("{9A19103F-16F7-4668-BE54-9A1E7A4F7556}") = "MyDodos.Domain", "MyDodosAPI\MyDodos.Domain\MyDodos.Domain.csproj", "{21C99C90-2702-41C3-B45E-67C82C2ABD01}"
EndProject
Project("{FAE04EC0-301F-11D3-BF4B-00C04F79EFBC}") = "MyDodos.Repository", "MyDodosAPI\MyDodos.Repository\MyDodos.Repository.csproj", "{87BA743E-0C41-4908-9F67-8B13D67106D7}"
EndProject
Project("{FAE04EC0-301F-11D3-BF4B-00C04F79EFBC}") = "MyDodos.Service", "MyDodosAPI\MyDodos.Service\MyDodos.Service.csproj", "{329731F4-1893-417A-8D40-CE02FBF1717B}"
EndProject
Project("{FAE04EC0-301F-11D3-BF4B-00C04F79EFBC}") = "MyDodos.ViewModel", "MyDodosAPI\MyDodos.ViewModel\MyDodos.ViewModel.csproj", "{F1C92E3F-B3BD-4946-BA93-5B30C2A9DBB3}"
EndProject
Global
	GlobalSection(SolutionConfigurationPlatforms) = preSolution
		Debug|Any CPU = Debug|Any CPU
		Release|Any CPU = Release|Any CPU
	EndGlobalSection
	GlobalSection(ProjectConfigurationPlatforms) = postSolution
		{A1DAB60D-3367-4888-9F16-64EC32BC576B}.Debug|Any CPU.ActiveCfg = Debug|Any CPU
		{A1DAB60D-3367-4888-9F16-64EC32BC576B}.Debug|Any CPU.Build.0 = Debug|Any CPU
		{A1DAB60D-3367-4888-9F16-64EC32BC576B}.Release|Any CPU.ActiveCfg = Release|Any CPU
		{A1DAB60D-3367-4888-9F16-64EC32BC576B}.Release|Any CPU.Build.0 = Release|Any CPU
		{21C99C90-2702-41C3-B45E-67C82C2ABD01}.Debug|Any CPU.ActiveCfg = Debug|Any CPU
		{21C99C90-2702-41C3-B45E-67C82C2ABD01}.Debug|Any CPU.Build.0 = Debug|Any CPU
		{21C99C90-2702-41C3-B45E-67C82C2ABD01}.Release|Any CPU.ActiveCfg = Release|Any CPU
		{21C99C90-2702-41C3-B45E-67C82C2ABD01}.Release|Any CPU.Build.0 = Release|Any CPU
		{87BA743E-0C41-4908-9F67-8B13D67106D7}.Debug|Any CPU.ActiveCfg = Debug|Any CPU
		{87BA743E-0C41-4908-9F67-8B13D67106D7}.Debug|Any CPU.Build.0 = Debug|Any CPU
		{87BA743E-0C41-4908-9F67-8B13D67106D7}.Release|Any CPU.ActiveCfg = Release|Any CPU
		{87BA743E-0C41-4908-9F67-8B13D67106D7}.Release|Any CPU.Build.0 = Release|Any CPU
		{329731F4-1893-417A-8D40-CE02FBF1717B}.Debug|Any CPU.ActiveCfg = Debug|Any CPU
		{329731F4-1893-417A-8D40-CE02FBF1717B}.Debug|Any CPU.Build.0 = Debug|Any CPU
		{329731F4-1893-417A-8D40-CE02FBF1717B}.Release|Any CPU.ActiveCfg = Release|Any CPU
		{329731F4-1893-417A-8D40-CE02FBF1717B}.Release|Any CPU.Build.0 = Release|Any CPU
		{F1C92E3F-B3BD-4946-BA93-5B30C2A9DBB3}.Debug|Any CPU.ActiveCfg = Debug|Any CPU
		{F1C92E3F-B3BD-4946-BA93-5B30C2A9DBB3}.Debug|Any CPU.Build.0 = Debug|Any CPU
		{F1C92E3F-B3BD-4946-BA93-5B30C2A9DBB3}.Release|Any CPU.ActiveCfg = Release|Any CPU
		{F1C92E3F-B3BD-4946-BA93-5B30C2A9DBB3}.Release|Any CPU.Build.0 = Release|Any CPU
	EndGlobalSection
	GlobalSection(SolutionProperties) = preSolution
		HideSolutionNode = FALSE
	EndGlobalSection
	GlobalSection(ExtensibilityGlobals) = postSolution
		SolutionGuid = {CCE8BF42-5834-4079-869D-5FB675BD3B3C}
	EndGlobalSection
EndGlobal
